
Microsoft Visual Studio Solution File, Format Version 12.00
# Visual Studio Version 16
VisualStudioVersion = 16.0.30621.155
MinimumVisualStudioVersion = 10.0.40219.1
Project("{FAE04EC0-301F-11D3-BF4B-00C04F79EFBC}") = "TrackerLibrary", "TrackerLibrary\TrackerLibrary.csproj", "{91BDE45C-1F7C-4FF8-AD24-59EE56501723}"
EndProject
Project("{FAE04EC0-301F-11D3-BF4B-00C04F79EFBC}") = "TrackerUI", "TrackerUI\TrackerUI.csproj", "{E1448BF3-2CBC-48F2-B51D-9F444E1CD1B9}"
EndProject
Global
	GlobalSection(SolutionConfigurationPlatforms) = preSolution
		Debug|Any CPU = Debug|Any CPU
		Release|Any CPU = Release|Any CPU
	EndGlobalSection
	GlobalSection(ProjectConfigurationPlatforms) = postSolution
		{91BDE45C-1F7C-4FF8-AD24-59EE56501723}.Debug|Any CPU.ActiveCfg = Debug|Any CPU
		{91BDE45C-1F7C-4FF8-AD24-59EE56501723}.Debug|Any CPU.Build.0 = Debug|Any CPU
		{91BDE45C-1F7C-4FF8-AD24-59EE56501723}.Release|Any CPU.ActiveCfg = Release|Any CPU
		{91BDE45C-1F7C-4FF8-AD24-59EE56501723}.Release|Any CPU.Build.0 = Release|Any CPU
		{E1448BF3-2CBC-48F2-B51D-9F444E1CD1B9}.Debug|Any CPU.ActiveCfg = Debug|Any CPU
		{E1448BF3-2CBC-48F2-B51D-9F444E1CD1B9}.Debug|Any CPU.Build.0 = Debug|Any CPU
		{E1448BF3-2CBC-48F2-B51D-9F444E1CD1B9}.Release|Any CPU.ActiveCfg = Release|Any CPU
		{E1448BF3-2CBC-48F2-B51D-9F444E1CD1B9}.Release|Any CPU.Build.0 = Release|Any CPU
	EndGlobalSection
	GlobalSection(SolutionProperties) = preSolution
		HideSolutionNode = FALSE
	EndGlobalSection
	GlobalSection(ExtensibilityGlobals) = postSolution
		SolutionGuid = {799FEC03-26AF-4A4A-9066-973D7B569F47}
	EndGlobalSection
EndGlobal
